// !$*UTF8*$!
{
	archiveVersion = 1;
	classes = {
	};
	objectVersion = 56;
	objects = {

/* Begin PBXBuildFile section */
		C9D0C6CF2C18488C00CD67B6 /* BreweriesApp.swift in Sources */ = {isa = PBXBuildFile; fileRef = C9D0C6CE2C18488C00CD67B6 /* BreweriesApp.swift */; };
		C9D0C6D12C18488C00CD67B6 /* ContentView.swift in Sources */ = {isa = PBXBuildFile; fileRef = C9D0C6D02C18488C00CD67B6 /* ContentView.swift */; };
		C9D0C6D32C18488F00CD67B6 /* Assets.xcassets in Resources */ = {isa = PBXBuildFile; fileRef = C9D0C6D22C18488F00CD67B6 /* Assets.xcassets */; };
		C9D0C6D62C18488F00CD67B6 /* Preview Assets.xcassets in Resources */ = {isa = PBXBuildFile; fileRef = C9D0C6D52C18488F00CD67B6 /* Preview Assets.xcassets */; };
		C9D0C6E02C18489000CD67B6 /* BreweriesTests.swift in Sources */ = {isa = PBXBuildFile; fileRef = C9D0C6DF2C18489000CD67B6 /* BreweriesTests.swift */; };
		C9D0C6EA2C18489000CD67B6 /* BreweriesUITests.swift in Sources */ = {isa = PBXBuildFile; fileRef = C9D0C6E92C18489000CD67B6 /* BreweriesUITests.swift */; };
		C9D0C6EC2C18489000CD67B6 /* BreweriesUITestsLaunchTests.swift in Sources */ = {isa = PBXBuildFile; fileRef = C9D0C6EB2C18489000CD67B6 /* BreweriesUITestsLaunchTests.swift */; };
		C9D0C6FC2C184CAC00CD67B6 /* BreweryLightweight.swift in Sources */ = {isa = PBXBuildFile; fileRef = C9D0C6FB2C184CAC00CD67B6 /* BreweryLightweight.swift */; };
		C9D0C6FE2C184E3D00CD67B6 /* BreweryWebAdaptor.swift in Sources */ = {isa = PBXBuildFile; fileRef = C9D0C6FD2C184E3D00CD67B6 /* BreweryWebAdaptor.swift */; };
		C9D0C7002C18559200CD67B6 /* BreweryDetailView.swift in Sources */ = {isa = PBXBuildFile; fileRef = C9D0C6FF2C18559200CD67B6 /* BreweryDetailView.swift */; };
		C9D0C7022C18561E00CD67B6 /* Brewery.swift in Sources */ = {isa = PBXBuildFile; fileRef = C9D0C7012C18561E00CD67B6 /* Brewery.swift */; };
/* End PBXBuildFile section */

/* Begin PBXContainerItemProxy section */
		C9D0C6DC2C18489000CD67B6 /* PBXContainerItemProxy */ = {
			isa = PBXContainerItemProxy;
			containerPortal = C9D0C6C32C18488C00CD67B6 /* Project object */;
			proxyType = 1;
			remoteGlobalIDString = C9D0C6CA2C18488C00CD67B6;
			remoteInfo = Breweries;
		};
		C9D0C6E62C18489000CD67B6 /* PBXContainerItemProxy */ = {
			isa = PBXContainerItemProxy;
			containerPortal = C9D0C6C32C18488C00CD67B6 /* Project object */;
			proxyType = 1;
			remoteGlobalIDString = C9D0C6CA2C18488C00CD67B6;
			remoteInfo = Breweries;
		};
/* End PBXContainerItemProxy section */

/* Begin PBXFileReference section */
		C9D0C6CB2C18488C00CD67B6 /* Breweries.app */ = {isa = PBXFileReference; explicitFileType = wrapper.application; includeInIndex = 0; path = Breweries.app; sourceTree = BUILT_PRODUCTS_DIR; };
		C9D0C6CE2C18488C00CD67B6 /* BreweriesApp.swift */ = {isa = PBXFileReference; lastKnownFileType = sourcecode.swift; path = BreweriesApp.swift; sourceTree = "<group>"; };
		C9D0C6D02C18488C00CD67B6 /* ContentView.swift */ = {isa = PBXFileReference; lastKnownFileType = sourcecode.swift; path = ContentView.swift; sourceTree = "<group>"; };
		C9D0C6D22C18488F00CD67B6 /* Assets.xcassets */ = {isa = PBXFileReference; lastKnownFileType = folder.assetcatalog; path = Assets.xcassets; sourceTree = "<group>"; };
		C9D0C6D52C18488F00CD67B6 /* Preview Assets.xcassets */ = {isa = PBXFileReference; lastKnownFileType = folder.assetcatalog; path = "Preview Assets.xcassets"; sourceTree = "<group>"; };
		C9D0C6DB2C18489000CD67B6 /* BreweriesTests.xctest */ = {isa = PBXFileReference; explicitFileType = wrapper.cfbundle; includeInIndex = 0; path = BreweriesTests.xctest; sourceTree = BUILT_PRODUCTS_DIR; };
		C9D0C6DF2C18489000CD67B6 /* BreweriesTests.swift */ = {isa = PBXFileReference; lastKnownFileType = sourcecode.swift; path = BreweriesTests.swift; sourceTree = "<group>"; };
		C9D0C6E52C18489000CD67B6 /* BreweriesUITests.xctest */ = {isa = PBXFileReference; explicitFileType = wrapper.cfbundle; includeInIndex = 0; path = BreweriesUITests.xctest; sourceTree = BUILT_PRODUCTS_DIR; };
		C9D0C6E92C18489000CD67B6 /* BreweriesUITests.swift */ = {isa = PBXFileReference; lastKnownFileType = sourcecode.swift; path = BreweriesUITests.swift; sourceTree = "<group>"; };
		C9D0C6EB2C18489000CD67B6 /* BreweriesUITestsLaunchTests.swift */ = {isa = PBXFileReference; lastKnownFileType = sourcecode.swift; path = BreweriesUITestsLaunchTests.swift; sourceTree = "<group>"; };
		C9D0C6FB2C184CAC00CD67B6 /* BreweryLightweight.swift */ = {isa = PBXFileReference; lastKnownFileType = sourcecode.swift; path = BreweryLightweight.swift; sourceTree = "<group>"; };
		C9D0C6FD2C184E3D00CD67B6 /* BreweryWebAdaptor.swift */ = {isa = PBXFileReference; lastKnownFileType = sourcecode.swift; path = BreweryWebAdaptor.swift; sourceTree = "<group>"; };
		C9D0C6FF2C18559200CD67B6 /* BreweryDetailView.swift */ = {isa = PBXFileReference; lastKnownFileType = sourcecode.swift; path = BreweryDetailView.swift; sourceTree = "<group>"; };
		C9D0C7012C18561E00CD67B6 /* Brewery.swift */ = {isa = PBXFileReference; lastKnownFileType = sourcecode.swift; path = Brewery.swift; sourceTree = "<group>"; };
/* End PBXFileReference section */

/* Begin PBXFrameworksBuildPhase section */
		C9D0C6C82C18488C00CD67B6 /* Frameworks */ = {
			isa = PBXFrameworksBuildPhase;
			buildActionMask = 2147483647;
			files = (
			);
			runOnlyForDeploymentPostprocessing = 0;
		};
		C9D0C6D82C18489000CD67B6 /* Frameworks */ = {
			isa = PBXFrameworksBuildPhase;
			buildActionMask = 2147483647;
			files = (
			);
			runOnlyForDeploymentPostprocessing = 0;
		};
		C9D0C6E22C18489000CD67B6 /* Frameworks */ = {
			isa = PBXFrameworksBuildPhase;
			buildActionMask = 2147483647;
			files = (
			);
			runOnlyForDeploymentPostprocessing = 0;
		};
/* End PBXFrameworksBuildPhase section */

/* Begin PBXGroup section */
		C9D0C6C22C18488C00CD67B6 = {
			isa = PBXGroup;
			children = (
				C9D0C6CD2C18488C00CD67B6 /* Breweries */,
				C9D0C6DE2C18489000CD67B6 /* BreweriesTests */,
				C9D0C6E82C18489000CD67B6 /* BreweriesUITests */,
				C9D0C6CC2C18488C00CD67B6 /* Products */,
			);
			sourceTree = "<group>";
		};
		C9D0C6CC2C18488C00CD67B6 /* Products */ = {
			isa = PBXGroup;
			children = (
				C9D0C6CB2C18488C00CD67B6 /* Breweries.app */,
				C9D0C6DB2C18489000CD67B6 /* BreweriesTests.xctest */,
				C9D0C6E52C18489000CD67B6 /* BreweriesUITests.xctest */,
			);
			name = Products;
			sourceTree = "<group>";
		};
		C9D0C6CD2C18488C00CD67B6 /* Breweries */ = {
			isa = PBXGroup;
			children = (
				C9D0C6FA2C184C2E00CD67B6 /* Web */,
				C9D0C6F92C184C2800CD67B6 /* View */,
				C9D0C6F82C184C1D00CD67B6 /* Model */,
				C9D0C6CE2C18488C00CD67B6 /* BreweriesApp.swift */,
				C9D0C6D22C18488F00CD67B6 /* Assets.xcassets */,
				C9D0C6D42C18488F00CD67B6 /* Preview Content */,
			);
			path = Breweries;
			sourceTree = "<group>";
		};
		C9D0C6D42C18488F00CD67B6 /* Preview Content */ = {
			isa = PBXGroup;
			children = (
				C9D0C6D52C18488F00CD67B6 /* Preview Assets.xcassets */,
			);
			path = "Preview Content";
			sourceTree = "<group>";
		};
		C9D0C6DE2C18489000CD67B6 /* BreweriesTests */ = {
			isa = PBXGroup;
			children = (
				C9D0C6DF2C18489000CD67B6 /* BreweriesTests.swift */,
			);
			path = BreweriesTests;
			sourceTree = "<group>";
		};
		C9D0C6E82C18489000CD67B6 /* BreweriesUITests */ = {
			isa = PBXGroup;
			children = (
				C9D0C6E92C18489000CD67B6 /* BreweriesUITests.swift */,
				C9D0C6EB2C18489000CD67B6 /* BreweriesUITestsLaunchTests.swift */,
			);
			path = BreweriesUITests;
			sourceTree = "<group>";
		};
		C9D0C6F82C184C1D00CD67B6 /* Model */ = {
			isa = PBXGroup;
			children = (
				C9D0C6FB2C184CAC00CD67B6 /* BreweryLightweight.swift */,
				C9D0C7012C18561E00CD67B6 /* Brewery.swift */,
			);
			path = Model;
			sourceTree = "<group>";
		};
		C9D0C6F92C184C2800CD67B6 /* View */ = {
			isa = PBXGroup;
			children = (
				C9D0C6D02C18488C00CD67B6 /* ContentView.swift */,
				C9D0C6FF2C18559200CD67B6 /* BreweryDetailView.swift */,
			);
			path = View;
			sourceTree = "<group>";
		};
		C9D0C6FA2C184C2E00CD67B6 /* Web */ = {
			isa = PBXGroup;
			children = (
				C9D0C6FD2C184E3D00CD67B6 /* BreweryWebAdaptor.swift */,
			);
			path = Web;
			sourceTree = "<group>";
		};
/* End PBXGroup section */

/* Begin PBXNativeTarget section */
		C9D0C6CA2C18488C00CD67B6 /* Breweries */ = {
			isa = PBXNativeTarget;
			buildConfigurationList = C9D0C6EF2C18489000CD67B6 /* Build configuration list for PBXNativeTarget "Breweries" */;
			buildPhases = (
				C9D0C6C72C18488C00CD67B6 /* Sources */,
				C9D0C6C82C18488C00CD67B6 /* Frameworks */,
				C9D0C6C92C18488C00CD67B6 /* Resources */,
			);
			buildRules = (
			);
			dependencies = (
			);
			name = Breweries;
			productName = Breweries;
			productReference = C9D0C6CB2C18488C00CD67B6 /* Breweries.app */;
			productType = "com.apple.product-type.application";
		};
		C9D0C6DA2C18489000CD67B6 /* BreweriesTests */ = {
			isa = PBXNativeTarget;
			buildConfigurationList = C9D0C6F22C18489000CD67B6 /* Build configuration list for PBXNativeTarget "BreweriesTests" */;
			buildPhases = (
				C9D0C6D72C18489000CD67B6 /* Sources */,
				C9D0C6D82C18489000CD67B6 /* Frameworks */,
				C9D0C6D92C18489000CD67B6 /* Resources */,
			);
			buildRules = (
			);
			dependencies = (
				C9D0C6DD2C18489000CD67B6 /* PBXTargetDependency */,
			);
			name = BreweriesTests;
			productName = BreweriesTests;
			productReference = C9D0C6DB2C18489000CD67B6 /* BreweriesTests.xctest */;
			productType = "com.apple.product-type.bundle.unit-test";
		};
		C9D0C6E42C18489000CD67B6 /* BreweriesUITests */ = {
			isa = PBXNativeTarget;
			buildConfigurationList = C9D0C6F52C18489000CD67B6 /* Build configuration list for PBXNativeTarget "BreweriesUITests" */;
			buildPhases = (
				C9D0C6E12C18489000CD67B6 /* Sources */,
				C9D0C6E22C18489000CD67B6 /* Frameworks */,
				C9D0C6E32C18489000CD67B6 /* Resources */,
			);
			buildRules = (
			);
			dependencies = (
				C9D0C6E72C18489000CD67B6 /* PBXTargetDependency */,
			);
			name = BreweriesUITests;
			productName = BreweriesUITests;
			productReference = C9D0C6E52C18489000CD67B6 /* BreweriesUITests.xctest */;
			productType = "com.apple.product-type.bundle.ui-testing";
		};
/* End PBXNativeTarget section */

/* Begin PBXProject section */
		C9D0C6C32C18488C00CD67B6 /* Project object */ = {
			isa = PBXProject;
			attributes = {
				BuildIndependentTargetsInParallel = 1;
				LastSwiftUpdateCheck = 1520;
				LastUpgradeCheck = 1520;
				TargetAttributes = {
					C9D0C6CA2C18488C00CD67B6 = {
						CreatedOnToolsVersion = 15.2;
					};
					C9D0C6DA2C18489000CD67B6 = {
						CreatedOnToolsVersion = 15.2;
						TestTargetID = C9D0C6CA2C18488C00CD67B6;
					};
					C9D0C6E42C18489000CD67B6 = {
						CreatedOnToolsVersion = 15.2;
						TestTargetID = C9D0C6CA2C18488C00CD67B6;
					};
				};
			};
			buildConfigurationList = C9D0C6C62C18488C00CD67B6 /* Build configuration list for PBXProject "Breweries" */;
			compatibilityVersion = "Xcode 14.0";
			developmentRegion = en;
			hasScannedForEncodings = 0;
			knownRegions = (
				en,
				Base,
			);
			mainGroup = C9D0C6C22C18488C00CD67B6;
			productRefGroup = C9D0C6CC2C18488C00CD67B6 /* Products */;
			projectDirPath = "";
			projectRoot = "";
			targets = (
				C9D0C6CA2C18488C00CD67B6 /* Breweries */,
				C9D0C6DA2C18489000CD67B6 /* BreweriesTests */,
				C9D0C6E42C18489000CD67B6 /* BreweriesUITests */,
			);
		};
/* End PBXProject section */

/* Begin PBXResourcesBuildPhase section */
		C9D0C6C92C18488C00CD67B6 /* Resources */ = {
			isa = PBXResourcesBuildPhase;
			buildActionMask = 2147483647;
			files = (
				C9D0C6D62C18488F00CD67B6 /* Preview Assets.xcassets in Resources */,
				C9D0C6D32C18488F00CD67B6 /* Assets.xcassets in Resources */,
			);
			runOnlyForDeploymentPostprocessing = 0;
		};
		C9D0C6D92C18489000CD67B6 /* Resources */ = {
			isa = PBXResourcesBuildPhase;
			buildActionMask = 2147483647;
			files = (
			);
			runOnlyForDeploymentPostprocessing = 0;
		};
		C9D0C6E32C18489000CD67B6 /* Resources */ = {
			isa = PBXResourcesBuildPhase;
			buildActionMask = 2147483647;
			files = (
			);
			runOnlyForDeploymentPostprocessing = 0;
		};
/* End PBXResourcesBuildPhase section */

/* Begin PBXSourcesBuildPhase section */
		C9D0C6C72C18488C00CD67B6 /* Sources */ = {
			isa = PBXSourcesBuildPhase;
			buildActionMask = 2147483647;
			files = (
				C9D0C7002C18559200CD67B6 /* BreweryDetailView.swift in Sources */,
				C9D0C6D12C18488C00CD67B6 /* ContentView.swift in Sources */,
				C9D0C6FC2C184CAC00CD67B6 /* BreweryLightweight.swift in Sources */,
				C9D0C6CF2C18488C00CD67B6 /* BreweriesApp.swift in Sources */,
				C9D0C7022C18561E00CD67B6 /* Brewery.swift in Sources */,
				C9D0C6FE2C184E3D00CD67B6 /* BreweryWebAdaptor.swift in Sources */,
			);
			runOnlyForDeploymentPostprocessing = 0;
		};
		C9D0C6D72C18489000CD67B6 /* Sources */ = {
			isa = PBXSourcesBuildPhase;
			buildActionMask = 2147483647;
			files = (
				C9D0C6E02C18489000CD67B6 /* BreweriesTests.swift in Sources */,
			);
			runOnlyForDeploymentPostprocessing = 0;
		};
		C9D0C6E12C18489000CD67B6 /* Sources */ = {
			isa = PBXSourcesBuildPhase;
			buildActionMask = 2147483647;
			files = (
				C9D0C6EA2C18489000CD67B6 /* BreweriesUITests.swift in Sources */,
				C9D0C6EC2C18489000CD67B6 /* BreweriesUITestsLaunchTests.swift in Sources */,
			);
			runOnlyForDeploymentPostprocessing = 0;
		};
/* End PBXSourcesBuildPhase section */

/* Begin PBXTargetDependency section */
		C9D0C6DD2C18489000CD67B6 /* PBXTargetDependency */ = {
			isa = PBXTargetDependency;
			target = C9D0C6CA2C18488C00CD67B6 /* Breweries */;
			targetProxy = C9D0C6DC2C18489000CD67B6 /* PBXContainerItemProxy */;
		};
		C9D0C6E72C18489000CD67B6 /* PBXTargetDependency */ = {
			isa = PBXTargetDependency;
			target = C9D0C6CA2C18488C00CD67B6 /* Breweries */;
			targetProxy = C9D0C6E62C18489000CD67B6 /* PBXContainerItemProxy */;
		};
/* End PBXTargetDependency section */

/* Begin XCBuildConfiguration section */
		C9D0C6ED2C18489000CD67B6 /* Debug */ = {
			isa = XCBuildConfiguration;
			buildSettings = {
				ALWAYS_SEARCH_USER_PATHS = NO;
				ASSETCATALOG_COMPILER_GENERATE_SWIFT_ASSET_SYMBOL_EXTENSIONS = YES;
				CLANG_ANALYZER_NONNULL = YES;
				CLANG_ANALYZER_NUMBER_OBJECT_CONVERSION = YES_AGGRESSIVE;
				CLANG_CXX_LANGUAGE_STANDARD = "gnu++20";
				CLANG_ENABLE_MODULES = YES;
				CLANG_ENABLE_OBJC_ARC = YES;
				CLANG_ENABLE_OBJC_WEAK = YES;
				CLANG_WARN_BLOCK_CAPTURE_AUTORELEASING = YES;
				CLANG_WARN_BOOL_CONVERSION = YES;
				CLANG_WARN_COMMA = YES;
				CLANG_WARN_CONSTANT_CONVERSION = YES;
				CLANG_WARN_DEPRECATED_OBJC_IMPLEMENTATIONS = YES;
				CLANG_WARN_DIRECT_OBJC_ISA_USAGE = YES_ERROR;
				CLANG_WARN_DOCUMENTATION_COMMENTS = YES;
				CLANG_WARN_EMPTY_BODY = YES;
				CLANG_WARN_ENUM_CONVERSION = YES;
				CLANG_WARN_INFINITE_RECURSION = YES;
				CLANG_WARN_INT_CONVERSION = YES;
				CLANG_WARN_NON_LITERAL_NULL_CONVERSION = YES;
				CLANG_WARN_OBJC_IMPLICIT_RETAIN_SELF = YES;
				CLANG_WARN_OBJC_LITERAL_CONVERSION = YES;
				CLANG_WARN_OBJC_ROOT_CLASS = YES_ERROR;
				CLANG_WARN_QUOTED_INCLUDE_IN_FRAMEWORK_HEADER = YES;
				CLANG_WARN_RANGE_LOOP_ANALYSIS = YES;
				CLANG_WARN_STRICT_PROTOTYPES = YES;
				CLANG_WARN_SUSPICIOUS_MOVE = YES;
				CLANG_WARN_UNGUARDED_AVAILABILITY = YES_AGGRESSIVE;
				CLANG_WARN_UNREACHABLE_CODE = YES;
				CLANG_WARN__DUPLICATE_METHOD_MATCH = YES;
				COPY_PHASE_STRIP = NO;
				DEBUG_INFORMATION_FORMAT = dwarf;
				ENABLE_STRICT_OBJC_MSGSEND = YES;
				ENABLE_TESTABILITY = YES;
				ENABLE_USER_SCRIPT_SANDBOXING = YES;
				GCC_C_LANGUAGE_STANDARD = gnu17;
				GCC_DYNAMIC_NO_PIC = NO;
				GCC_NO_COMMON_BLOCKS = YES;
				GCC_OPTIMIZATION_LEVEL = 0;
				GCC_PREPROCESSOR_DEFINITIONS = (
					"DEBUG=1",
					"$(inherited)",
				);
				GCC_WARN_64_TO_32_BIT_CONVERSION = YES;
				GCC_WARN_ABOUT_RETURN_TYPE = YES_ERROR;
				GCC_WARN_UNDECLARED_SELECTOR = YES;
				GCC_WARN_UNINITIALIZED_AUTOS = YES_AGGRESSIVE;
				GCC_WARN_UNUSED_FUNCTION = YES;
				GCC_WARN_UNUSED_VARIABLE = YES;
				IPHONEOS_DEPLOYMENT_TARGET = 17.2;
				LOCALIZATION_PREFERS_STRING_CATALOGS = YES;
				MTL_ENABLE_DEBUG_INFO = INCLUDE_SOURCE;
				MTL_FAST_MATH = YES;
				ONLY_ACTIVE_ARCH = YES;
				SDKROOT = iphoneos;
				SWIFT_ACTIVE_COMPILATION_CONDITIONS = "DEBUG $(inherited)";
				SWIFT_OPTIMIZATION_LEVEL = "-Onone";
			};
			name = Debug;
		};
		C9D0C6EE2C18489000CD67B6 /* Release */ = {
			isa = XCBuildConfiguration;
			buildSettings = {
				ALWAYS_SEARCH_USER_PATHS = NO;
				ASSETCATALOG_COMPILER_GENERATE_SWIFT_ASSET_SYMBOL_EXTENSIONS = YES;
				CLANG_ANALYZER_NONNULL = YES;
				CLANG_ANALYZER_NUMBER_OBJECT_CONVERSION = YES_AGGRESSIVE;
				CLANG_CXX_LANGUAGE_STANDARD = "gnu++20";
				CLANG_ENABLE_MODULES = YES;
				CLANG_ENABLE_OBJC_ARC = YES;
				CLANG_ENABLE_OBJC_WEAK = YES;
				CLANG_WARN_BLOCK_CAPTURE_AUTORELEASING = YES;
				CLANG_WARN_BOOL_CONVERSION = YES;
				CLANG_WARN_COMMA = YES;
				CLANG_WARN_CONSTANT_CONVERSION = YES;
				CLANG_WARN_DEPRECATED_OBJC_IMPLEMENTATIONS = YES;
				CLANG_WARN_DIRECT_OBJC_ISA_USAGE = YES_ERROR;
				CLANG_WARN_DOCUMENTATION_COMMENTS = YES;
				CLANG_WARN_EMPTY_BODY = YES;
				CLANG_WARN_ENUM_CONVERSION = YES;
				CLANG_WARN_INFINITE_RECURSION = YES;
				CLANG_WARN_INT_CONVERSION = YES;
				CLANG_WARN_NON_LITERAL_NULL_CONVERSION = YES;
				CLANG_WARN_OBJC_IMPLICIT_RETAIN_SELF = YES;
				CLANG_WARN_OBJC_LITERAL_CONVERSION = YES;
				CLANG_WARN_OBJC_ROOT_CLASS = YES_ERROR;
				CLANG_WARN_QUOTED_INCLUDE_IN_FRAMEWORK_HEADER = YES;
				CLANG_WARN_RANGE_LOOP_ANALYSIS = YES;
				CLANG_WARN_STRICT_PROTOTYPES = YES;
				CLANG_WARN_SUSPICIOUS_MOVE = YES;
				CLANG_WARN_UNGUARDED_AVAILABILITY = YES_AGGRESSIVE;
				CLANG_WARN_UNREACHABLE_CODE = YES;
				CLANG_WARN__DUPLICATE_METHOD_MATCH = YES;
				COPY_PHASE_STRIP = NO;
				DEBUG_INFORMATION_FORMAT = "dwarf-with-dsym";
				ENABLE_NS_ASSERTIONS = NO;
				ENABLE_STRICT_OBJC_MSGSEND = YES;
				ENABLE_USER_SCRIPT_SANDBOXING = YES;
				GCC_C_LANGUAGE_STANDARD = gnu17;
				GCC_NO_COMMON_BLOCKS = YES;
				GCC_WARN_64_TO_32_BIT_CONVERSION = YES;
				GCC_WARN_ABOUT_RETURN_TYPE = YES_ERROR;
				GCC_WARN_UNDECLARED_SELECTOR = YES;
				GCC_WARN_UNINITIALIZED_AUTOS = YES_AGGRESSIVE;
				GCC_WARN_UNUSED_FUNCTION = YES;
				GCC_WARN_UNUSED_VARIABLE = YES;
				IPHONEOS_DEPLOYMENT_TARGET = 17.2;
				LOCALIZATION_PREFERS_STRING_CATALOGS = YES;
				MTL_ENABLE_DEBUG_INFO = NO;
				MTL_FAST_MATH = YES;
				SDKROOT = iphoneos;
				SWIFT_COMPILATION_MODE = wholemodule;
				VALIDATE_PRODUCT = YES;
			};
			name = Release;
		};
		C9D0C6F02C18489000CD67B6 /* Debug */ = {
			isa = XCBuildConfiguration;
			buildSettings = {
				ASSETCATALOG_COMPILER_APPICON_NAME = AppIcon;
				ASSETCATALOG_COMPILER_GLOBAL_ACCENT_COLOR_NAME = AccentColor;
				CODE_SIGN_STYLE = Automatic;
				CURRENT_PROJECT_VERSION = 1;
				DEVELOPMENT_ASSET_PATHS = "\"Breweries/Preview Content\"";
				ENABLE_PREVIEWS = YES;
				GENERATE_INFOPLIST_FILE = YES;
				INFOPLIST_KEY_UIApplicationSceneManifest_Generation = YES;
				INFOPLIST_KEY_UIApplicationSupportsIndirectInputEvents = YES;
				INFOPLIST_KEY_UILaunchScreen_Generation = YES;
				INFOPLIST_KEY_UISupportedInterfaceOrientations_iPad = "UIInterfaceOrientationPortrait UIInterfaceOrientationPortraitUpsideDown UIInterfaceOrientationLandscapeLeft UIInterfaceOrientationLandscapeRight";
				INFOPLIST_KEY_UISupportedInterfaceOrientations_iPhone = "UIInterfaceOrientationPortrait UIInterfaceOrientationLandscapeLeft UIInterfaceOrientationLandscapeRight";
				LD_RUNPATH_SEARCH_PATHS = (
					"$(inherited)",
					"@executable_path/Frameworks",
				);
				MARKETING_VERSION = 1.0;
				PRODUCT_BUNDLE_IDENTIFIER = com.TimbloA.Breweries;
				PRODUCT_NAME = "$(TARGET_NAME)";
				SWIFT_EMIT_LOC_STRINGS = YES;
				SWIFT_VERSION = 5.0;
				TARGETED_DEVICE_FAMILY = "1,2";
			};
			name = Debug;
		};
		C9D0C6F12C18489000CD67B6 /* Release */ = {
			isa = XCBuildConfiguration;
			buildSettings = {
				ASSETCATALOG_COMPILER_APPICON_NAME = AppIcon;
				ASSETCATALOG_COMPILER_GLOBAL_ACCENT_COLOR_NAME = AccentColor;
				CODE_SIGN_STYLE = Automatic;
				CURRENT_PROJECT_VERSION = 1;
				DEVELOPMENT_ASSET_PATHS = "\"Breweries/Preview Content\"";
				ENABLE_PREVIEWS = YES;
				GENERATE_INFOPLIST_FILE = YES;
				INFOPLIST_KEY_UIApplicationSceneManifest_Generation = YES;
				INFOPLIST_KEY_UIApplicationSupportsIndirectInputEvents = YES;
				INFOPLIST_KEY_UILaunchScreen_Generation = YES;
				INFOPLIST_KEY_UISupportedInterfaceOrientations_iPad = "UIInterfaceOrientationPortrait UIInterfaceOrientationPortraitUpsideDown UIInterfaceOrientationLandscapeLeft UIInterfaceOrientationLandscapeRight";
				INFOPLIST_KEY_UISupportedInterfaceOrientations_iPhone = "UIInterfaceOrientationPortrait UIInterfaceOrientationLandscapeLeft UIInterfaceOrientationLandscapeRight";
				LD_RUNPATH_SEARCH_PATHS = (
					"$(inherited)",
					"@executable_path/Frameworks",
				);
				MARKETING_VERSION = 1.0;
				PRODUCT_BUNDLE_IDENTIFIER = com.TimbloA.Breweries;
				PRODUCT_NAME = "$(TARGET_NAME)";
				SWIFT_EMIT_LOC_STRINGS = YES;
				SWIFT_VERSION = 5.0;
				TARGETED_DEVICE_FAMILY = "1,2";
			};
			name = Release;
		};
		C9D0C6F32C18489000CD67B6 /* Debug */ = {
			isa = XCBuildConfiguration;
			buildSettings = {
				ALWAYS_EMBED_SWIFT_STANDARD_LIBRARIES = YES;
				BUNDLE_LOADER = "$(TEST_HOST)";
				CODE_SIGN_STYLE = Automatic;
				CURRENT_PROJECT_VERSION = 1;
				GENERATE_INFOPLIST_FILE = YES;
				IPHONEOS_DEPLOYMENT_TARGET = 17.2;
				MARKETING_VERSION = 1.0;
				PRODUCT_BUNDLE_IDENTIFIER = com.TimbloA.BreweriesTests;
				PRODUCT_NAME = "$(TARGET_NAME)";
				SWIFT_EMIT_LOC_STRINGS = NO;
				SWIFT_VERSION = 5.0;
				TARGETED_DEVICE_FAMILY = "1,2";
				TEST_HOST = "$(BUILT_PRODUCTS_DIR)/Breweries.app/$(BUNDLE_EXECUTABLE_FOLDER_PATH)/Breweries";
			};
			name = Debug;
		};
		C9D0C6F42C18489000CD67B6 /* Release */ = {
			isa = XCBuildConfiguration;
			buildSettings = {
				ALWAYS_EMBED_SWIFT_STANDARD_LIBRARIES = YES;
				BUNDLE_LOADER = "$(TEST_HOST)";
				CODE_SIGN_STYLE = Automatic;
				CURRENT_PROJECT_VERSION = 1;
				GENERATE_INFOPLIST_FILE = YES;
				IPHONEOS_DEPLOYMENT_TARGET = 17.2;
				MARKETING_VERSION = 1.0;
				PRODUCT_BUNDLE_IDENTIFIER = com.TimbloA.BreweriesTests;
				PRODUCT_NAME = "$(TARGET_NAME)";
				SWIFT_EMIT_LOC_STRINGS = NO;
				SWIFT_VERSION = 5.0;
				TARGETED_DEVICE_FAMILY = "1,2";
				TEST_HOST = "$(BUILT_PRODUCTS_DIR)/Breweries.app/$(BUNDLE_EXECUTABLE_FOLDER_PATH)/Breweries";
			};
			name = Release;
		};
		C9D0C6F62C18489000CD67B6 /* Debug */ = {
			isa = XCBuildConfiguration;
			buildSettings = {
				ALWAYS_EMBED_SWIFT_STANDARD_LIBRARIES = YES;
				CODE_SIGN_STYLE = Automatic;
				CURRENT_PROJECT_VERSION = 1;
				GENERATE_INFOPLIST_FILE = YES;
				MARKETING_VERSION = 1.0;
				PRODUCT_BUNDLE_IDENTIFIER = com.TimbloA.BreweriesUITests;
				PRODUCT_NAME = "$(TARGET_NAME)";
				SWIFT_EMIT_LOC_STRINGS = NO;
				SWIFT_VERSION = 5.0;
				TARGETED_DEVICE_FAMILY = "1,2";
				TEST_TARGET_NAME = Breweries;
			};
			name = Debug;
		};
		C9D0C6F72C18489000CD67B6 /* Release */ = {
			isa = XCBuildConfiguration;
			buildSettings = {
				ALWAYS_EMBED_SWIFT_STANDARD_LIBRARIES = YES;
				CODE_SIGN_STYLE = Automatic;
				CURRENT_PROJECT_VERSION = 1;
				GENERATE_INFOPLIST_FILE = YES;
				MARKETING_VERSION = 1.0;
				PRODUCT_BUNDLE_IDENTIFIER = com.TimbloA.BreweriesUITests;
				PRODUCT_NAME = "$(TARGET_NAME)";
				SWIFT_EMIT_LOC_STRINGS = NO;
				SWIFT_VERSION = 5.0;
				TARGETED_DEVICE_FAMILY = "1,2";
				TEST_TARGET_NAME = Breweries;
			};
			name = Release;
		};
/* End XCBuildConfiguration section */

/* Begin XCConfigurationList section */
		C9D0C6C62C18488C00CD67B6 /* Build configuration list for PBXProject "Breweries" */ = {
			isa = XCConfigurationList;
			buildConfigurations = (
				C9D0C6ED2C18489000CD67B6 /* Debug */,
				C9D0C6EE2C18489000CD67B6 /* Release */,
			);
			defaultConfigurationIsVisible = 0;
			defaultConfigurationName = Release;
		};
		C9D0C6EF2C18489000CD67B6 /* Build configuration list for PBXNativeTarget "Breweries" */ = {
			isa = XCConfigurationList;
			buildConfigurations = (
				C9D0C6F02C18489000CD67B6 /* Debug */,
				C9D0C6F12C18489000CD67B6 /* Release */,
			);
			defaultConfigurationIsVisible = 0;
			defaultConfigurationName = Release;
		};
		C9D0C6F22C18489000CD67B6 /* Build configuration list for PBXNativeTarget "BreweriesTests" */ = {
			isa = XCConfigurationList;
			buildConfigurations = (
				C9D0C6F32C18489000CD67B6 /* Debug */,
				C9D0C6F42C18489000CD67B6 /* Release */,
			);
			defaultConfigurationIsVisible = 0;
			defaultConfigurationName = Release;
		};
		C9D0C6F52C18489000CD67B6 /* Build configuration list for PBXNativeTarget "BreweriesUITests" */ = {
			isa = XCConfigurationList;
			buildConfigurations = (
				C9D0C6F62C18489000CD67B6 /* Debug */,
				C9D0C6F72C18489000CD67B6 /* Release */,
			);
			defaultConfigurationIsVisible = 0;
			defaultConfigurationName = Release;
		};
/* End XCConfigurationList section */
	};
	rootObject = C9D0C6C32C18488C00CD67B6 /* Project object */;
}
